{
  "name": "tlsserver",
  "version": "1.0.0",
  "lockfileVersion": 1,
  "requires": true,
  "dependencies": {
    "abs": {
      "version": "1.3.14",
      "resolved": "https://registry.npm.taobao.org/abs/download/abs-1.3.14.tgz",
      "integrity": "sha1-eweNXQc1CC1b+yPUXC2fRApcIiI=",
      "requires": {
        "ul": "^5.0.0"
      }
    },
    "capture-stack-trace": {
      "version": "1.0.1",
      "resolved": "https://registry.nlark.com/capture-stack-trace/download/capture-stack-trace-1.0.1.tgz?cache=0&sync_timestamp=1622604604014&other_urls=https%3A%2F%2Fregistry.nlark.com%2Fcapture-stack-trace%2Fdownload%2Fcapture-stack-trace-1.0.1.tgz",
      "integrity": "sha1-psC74fOPOqC5Ijjstv9Cw0TUE10="
    },
    "core-util-is": {
      "version": "1.0.3",
      "resolved": "https://registry.nlark.com/core-util-is/download/core-util-is-1.0.3.tgz?cache=0&sync_timestamp=1630420570787&other_urls=https%3A%2F%2Fregistry.nlark.com%2Fcore-util-is%2Fdownload%2Fcore-util-is-1.0.3.tgz",
      "integrity": "sha1-pgQtNjTCsn6TKPg3uWX6yDgI24U="
    },
    "create-error-class": {
      "version": "3.0.2",
      "resolved": "https://registry.nlark.com/create-error-class/download/create-error-class-3.0.2.tgz",
      "integrity": "sha1-Br56vvlHo/FKMP1hBnHUAbyot7Y=",
      "requires": {
        "capture-stack-trace": "^1.0.0"
      }
    },
    "deep-extend": {
      "version": "0.6.0",
      "resolved": "https://registry.nlark.com/deep-extend/download/deep-extend-0.6.0.tgz",
      "integrity": "sha1-xPp8lUBKF6nD6Mp+FTcxK3NjMKw="
    },
    "deffy": {
      "version": "2.2.4",
      "resolved": "https://registry.npm.taobao.org/deffy/download/deffy-2.2.4.tgz",
      "integrity": "sha1-U8G19ZtYpYFQscneVSkimHXEzBc=",
      "requires": {
        "typpy": "^2.0.0"
      }
    },
    "duplexer2": {
      "version": "0.1.4",
      "resolved": "https://registry.npm.taobao.org/duplexer2/download/duplexer2-0.1.4.tgz",
      "integrity": "sha1-ixLauHjA1p4+eJEFFmKjL8a93ME=",
      "requires": {
        "readable-stream": "^2.0.2"
      }
    },
    "err": {
      "version": "1.1.1",
      "resolved": "https://registry.npm.taobao.org/err/download/err-1.1.1.tgz",
      "integrity": "sha1-65KOLhGjFmSPeCgz0PlyWLpDwvg=",
      "requires": {
        "typpy": "^2.2.0"
      }
    },
    "error-ex": {
      "version": "1.3.2",
      "resolved": "https://registry.npm.taobao.org/error-ex/download/error-ex-1.3.2.tgz",
      "integrity": "sha1-tKxAZIEH/c3PriQvQovqihTU8b8=",
      "requires": {
        "is-arrayish": "^0.2.1"
      }
    },
    "exec-limiter": {
      "version": "3.2.13",
      "resolved": "https://registry.npm.taobao.org/exec-limiter/download/exec-limiter-3.2.13.tgz",
      "integrity": "sha1-XzD1mQubEJCFEjlLm5l+0GaldNA=",
      "requires": {
        "limit-it": "^3.0.0",
        "typpy": "^2.1.0"
      }
    },
    "function-bind": {
      "version": "1.1.1",
      "resolved": "https://registry.npm.taobao.org/function-bind/download/function-bind-1.1.1.tgz",
      "integrity": "sha1-pWiZ0+o8m6uHS7l3O3xe3pL0iV0="
    },
    "function.name": {
      "version": "1.0.13",
      "resolved": "https://registry.npm.taobao.org/function.name/download/function.name-1.0.13.tgz",
      "integrity": "sha1-7vBFq8S1/04+nQAaU84U4JDJccY=",
      "requires": {
        "noop6": "^1.0.1"
      }
    },
    "git-package-json": {
      "version": "1.4.10",
      "resolved": "https://registry.npm.taobao.org/git-package-json/download/git-package-json-1.4.10.tgz",
      "integrity": "sha1-2F8Q0jw3EpUinb68lNUZSw/v2lk=",
      "requires": {
        "deffy": "^2.2.1",
        "err": "^1.1.1",
        "gry": "^5.0.0",
        "normalize-package-data": "^2.3.5",
        "oargv": "^3.4.1",
        "one-by-one": "^3.1.0",
        "r-json": "^1.2.1",
        "r-package-json": "^1.0.0",
        "tmp": "0.0.28"
      }
    },
    "git-source": {
      "version": "1.1.10",
      "resolved": "https://registry.npm.taobao.org/git-source/download/git-source-1.1.10.tgz",
      "integrity": "sha1-jai4o4GfhVfbq//KRIBWEq1Gamw=",
      "requires": {
        "git-url-parse": "^5.0.1"
      }
    },
    "git-up": {
      "version": "1.2.1",
      "resolved": "https://registry.nlark.com/git-up/download/git-up-1.2.1.tgz",
      "integrity": "sha1-JkSAoAax2EJhrB/gmjpRacV+oZ0=",
      "requires": {
        "is-ssh": "^1.0.0",
        "parse-url": "^1.0.0"
      }
    },
    "git-url-parse": {
      "version": "5.0.1",
      "resolved": "https://registry.nlark.com/git-url-parse/download/git-url-parse-5.0.1.tgz?cache=0&sync_timestamp=1630922255296&other_urls=https%3A%2F%2Fregistry.nlark.com%2Fgit-url-parse%2Fdownload%2Fgit-url-parse-5.0.1.tgz",
      "integrity": "sha1-/j15xnRq4FBIz6UIyB553du6OEM=",
      "requires": {
        "git-up": "^1.0.0"
      }
    },
    "got": {
      "version": "5.7.1",
      "resolved": "https://registry.npmmirror.com/got/download/got-5.7.1.tgz",
      "integrity": "sha1-X4FjWmHkplifGAVp6k44FoClHzU=",
      "requires": {
        "create-error-class": "^3.0.1",
        "duplexer2": "^0.1.4",
        "is-redirect": "^1.0.0",
        "is-retry-allowed": "^1.0.0",
        "is-stream": "^1.0.0",
        "lowercase-keys": "^1.0.0",
        "node-status-codes": "^1.0.0",
        "object-assign": "^4.0.1",
        "parse-json": "^2.1.0",
        "pinkie-promise": "^2.0.0",
        "read-all-stream": "^3.0.0",
        "readable-stream": "^2.0.5",
        "timed-out": "^3.0.0",
        "unzip-response": "^1.0.2",
        "url-parse-lax": "^1.0.0"
      }
    },
    "gry": {
      "version": "5.0.8",
      "resolved": "https://registry.npm.taobao.org/gry/download/gry-5.0.8.tgz",
      "integrity": "sha1-c8DSRvukzm55JHeWcAiKfWciLno=",
      "requires": {
        "abs": "^1.2.1",
        "exec-limiter": "^3.0.0",
        "one-by-one": "^3.0.0",
        "ul": "^5.0.0"
      }
    },
    "has": {
      "version": "1.0.3",
      "resolved": "https://registry.npm.taobao.org/has/download/has-1.0.3.tgz",
      "integrity": "sha1-ci18v8H2qoJB8W3YFOAR4fQeh5Y=",
      "requires": {
        "function-bind": "^1.1.1"
      }
    },
    "hosted-git-info": {
      "version": "2.8.9",
      "resolved": "https://registry.npmmirror.com/hosted-git-info/download/hosted-git-info-2.8.9.tgz",
      "integrity": "sha1-3/wL+aIcAiCQkPKqaUKeFBTa8/k="
    },
    "inherits": {
      "version": "2.0.4",
      "resolved": "https://registry.npm.taobao.org/inherits/download/inherits-2.0.4.tgz",
      "integrity": "sha1-D6LGT5MpF8NDOg3tVTY6rjdBa3w="
    },
    "ini": {
      "version": "1.3.8",
      "resolved": "https://registry.npm.taobao.org/ini/download/ini-1.3.8.tgz?cache=0&sync_timestamp=1607907842483&other_urls=https%3A%2F%2Fregistry.npm.taobao.org%2Fini%2Fdownload%2Fini-1.3.8.tgz",
      "integrity": "sha1-op2kJbSIBvNHZ6Tvzjlyaa8oQyw="
    },
    "is-arrayish": {
      "version": "0.2.1",
      "resolved": "https://registry.npm.taobao.org/is-arrayish/download/is-arrayish-0.2.1.tgz",
      "integrity": "sha1-d8mYQFJ6qOyxqLppe4BkWnqSap0="
    },
    "is-core-module": {
      "version": "2.8.0",
      "resolved": "https://registry.npmmirror.com/is-core-module/download/is-core-module-2.8.0.tgz?cache=0&other_urls=https%3A%2F%2Fregistry.npmmirror.com%2Fis-core-module%2Fdownload%2Fis-core-module-2.8.0.tgz",
      "integrity": "sha1-AyEzbD0JJeSX/Zf12VyxFKXM1Ug=",
      "requires": {
        "has": "^1.0.3"
      }
    },
    "is-redirect": {
      "version": "1.0.0",
      "resolved": "https://registry.nlark.com/is-redirect/download/is-redirect-1.0.0.tgz",
      "integrity": "sha1-HQPd7VO9jbDzDCbk+V02/HyH3CQ="
    },
    "is-retry-allowed": {
      "version": "1.2.0",
      "resolved": "https://registry.npm.taobao.org/is-retry-allowed/download/is-retry-allowed-1.2.0.tgz",
      "integrity": "sha1-13hIi9CkZmo76KFIK58rqv7eqLQ="
    },
    "is-ssh": {
      "version": "1.3.3",
      "resolved": "https://registry.nlark.com/is-ssh/download/is-ssh-1.3.3.tgz",
      "integrity": "sha1-fxMyhczX8sLH/Il7dxtT2VorLH4=",
      "requires": {
        "protocols": "^1.1.0"
      }
    },
    "is-stream": {
      "version": "1.1.0",
      "resolved": "https://registry.nlark.com/is-stream/download/is-stream-1.1.0.tgz?cache=0&sync_timestamp=1628593122709&other_urls=https%3A%2F%2Fregistry.nlark.com%2Fis-stream%2Fdownload%2Fis-stream-1.1.0.tgz",
      "integrity": "sha1-EtSj3U5o4Lec6428hBc66A2RykQ="
    },
    "isarray": {
      "version": "1.0.0",
      "resolved": "https://registry.npm.taobao.org/isarray/download/isarray-1.0.0.tgz",
      "integrity": "sha1-u5NdSFgsuhaMBoNJV6VKPgcSTxE="
    },
    "iterate-object": {
      "version": "1.3.4",
      "resolved": "https://registry.npm.taobao.org/iterate-object/download/iterate-object-1.3.4.tgz",
      "integrity": "sha1-+lCx2eWONAp91rTJjIpeGC55AJY="
    },
    "limit-it": {
      "version": "3.2.10",
      "resolved": "https://registry.npm.taobao.org/limit-it/download/limit-it-3.2.10.tgz",
      "integrity": "sha1-oOEgB8nnrrRiljCbyjm9dkbYKIc=",
      "requires": {
        "typpy": "^2.0.0"
      }
    },
    "lowercase-keys": {
      "version": "1.0.1",
      "resolved": "https://registry.npmmirror.com/lowercase-keys/download/lowercase-keys-1.0.1.tgz?cache=0&sync_timestamp=1634551715073&other_urls=https%3A%2F%2Fregistry.npmmirror.com%2Flowercase-keys%2Fdownload%2Flowercase-keys-1.0.1.tgz",
      "integrity": "sha1-b54wtHCE2XGnyCD/FabFFnt0wm8="
    },
    "minimist": {
      "version": "1.2.5",
      "resolved": "https://registry.npm.taobao.org/minimist/download/minimist-1.2.5.tgz",
      "integrity": "sha1-Z9ZgFLZqaoqqDAg8X9WN9OTpdgI="
    },
    "node-status-codes": {
      "version": "1.0.0",
      "resolved": "https://registry.nlark.com/node-status-codes/download/node-status-codes-1.0.0.tgz",
      "integrity": "sha1-WuVUHQJGRdMqWPzdyc7s6nrjrC8="
    },
    "noop6": {
      "version": "1.0.9",
      "resolved": "https://registry.npm.taobao.org/noop6/download/noop6-1.0.9.tgz",
      "integrity": "sha1-h0mUTBXAnyzS1WKsJPWoNBdiqVA="
    },
    "normalize-package-data": {
      "version": "2.5.0",
      "resolved": "https://registry.nlark.com/normalize-package-data/download/normalize-package-data-2.5.0.tgz?cache=0&sync_timestamp=1629301872905&other_urls=https%3A%2F%2Fregistry.nlark.com%2Fnormalize-package-data%2Fdownload%2Fnormalize-package-data-2.5.0.tgz",
      "integrity": "sha1-5m2xg4sgDB38IzIl0SyzZSDiNKg=",
      "requires": {
        "hosted-git-info": "^2.1.4",
        "resolve": "^1.10.0",
        "semver": "2 || 3 || 4 || 5",
        "validate-npm-package-license": "^3.0.1"
      }
    },
    "oargv": {
      "version": "3.4.10",
      "resolved": "https://registry.npm.taobao.org/oargv/download/oargv-3.4.10.tgz",
      "integrity": "sha1-+s9BhTTB1SOKaZgkZBn6pMkwz+U=",
      "requires": {
        "iterate-object": "^1.1.0",
        "ul": "^5.0.0"
      }
    },
    "obj-def": {
      "version": "1.0.9",
      "resolved": "https://registry.npm.taobao.org/obj-def/download/obj-def-1.0.9.tgz",
      "integrity": "sha1-LmNwjpHkJfEeYJKNsdLYVJ9qlfo=",
      "requires": {
        "deffy": "^2.2.2"
      }
    },
    "object-assign": {
      "version": "4.1.1",
      "resolved": "https://registry.npm.taobao.org/object-assign/download/object-assign-4.1.1.tgz",
      "integrity": "sha1-IQmtx5ZYh8/AXLvUQsrIv7s2CGM="
    },
    "one-by-one": {
      "version": "3.2.8",
      "resolved": "https://registry.npm.taobao.org/one-by-one/download/one-by-one-3.2.8.tgz",
      "integrity": "sha1-klSvohDoFruymOKt30xikn2PXm0=",
      "requires": {
        "obj-def": "^1.0.0",
        "sliced": "^1.0.1"
      }
    },
    "os-tmpdir": {
      "version": "1.0.2",
      "resolved": "https://registry.npm.taobao.org/os-tmpdir/download/os-tmpdir-1.0.2.tgz",
      "integrity": "sha1-u+Z0BseaqFxc/sdm/lc0VV36EnQ="
    },
    "package-json": {
      "version": "2.4.0",
      "resolved": "https://registry.nlark.com/package-json/download/package-json-2.4.0.tgz",
      "integrity": "sha1-DRW9Z9HLvduyyiIv8u24a8sxqLs=",
      "requires": {
        "got": "^5.0.0",
        "registry-auth-token": "^3.0.1",
        "registry-url": "^3.0.3",
        "semver": "^5.1.0"
      }
    },
    "package-json-path": {
      "version": "1.0.9",
      "resolved": "https://registry.npm.taobao.org/package-json-path/download/package-json-path-1.0.9.tgz",
      "integrity": "sha1-bKpicjm3t/3M1NuhAm2GY0OX794=",
      "requires": {
        "abs": "^1.2.1"
      }
    },
    "package.json": {
      "version": "2.0.1",
      "resolved": "https://registry.npmmirror.com/package.json/download/package.json-2.0.1.tgz",
      "integrity": "sha1-+IYFnSpJ7QduZIg2ldc7K0bSHW0=",
      "requires": {
        "git-package-json": "^1.4.0",
        "git-source": "^1.1.0",
        "package-json": "^2.3.1"
      }
    },
    "parse-json": {
      "version": "2.2.0",
      "resolved": "https://registry.npmmirror.com/parse-json/download/parse-json-2.2.0.tgz?cache=0&sync_timestamp=1637475717072&other_urls=https%3A%2F%2Fregistry.npmmirror.com%2Fparse-json%2Fdownload%2Fparse-json-2.2.0.tgz",
      "integrity": "sha1-9ID0BDTvgHQfhGkJn43qGPVaTck=",
      "requires": {
        "error-ex": "^1.2.0"
      }
    },
    "parse-url": {
      "version": "1.3.11",
      "resolved": "https://registry.nlark.com/parse-url/download/parse-url-1.3.11.tgz?cache=0&sync_timestamp=1624961620296&other_urls=https%3A%2F%2Fregistry.nlark.com%2Fparse-url%2Fdownload%2Fparse-url-1.3.11.tgz",
      "integrity": "sha1-V8FUKKuKiSsfQ4aWRccR0OFEtVQ=",
      "requires": {
        "is-ssh": "^1.3.0",
        "protocols": "^1.4.0"
      }
    },
    "path-parse": {
      "version": "1.0.7",
      "resolved": "https://registry.nlark.com/path-parse/download/path-parse-1.0.7.tgz",
      "integrity": "sha1-+8EUtgykKzDZ2vWFjkvWi77bZzU="
    },
    "pinkie": {
      "version": "2.0.4",
      "resolved": "https://registry.npm.taobao.org/pinkie/download/pinkie-2.0.4.tgz",
      "integrity": "sha1-clVrgM+g1IqXToDnckjoDtT3+HA="
    },
    "pinkie-promise": {
      "version": "2.0.1",
      "resolved": "https://registry.npm.taobao.org/pinkie-promise/download/pinkie-promise-2.0.1.tgz",
      "integrity": "sha1-ITXW36ejWMBprJsXh3YogihFD/o=",
      "requires": {
        "pinkie": "^2.0.0"
      }
    },
    "prepend-http": {
      "version": "1.0.4",
      "resolved": "https://registry.nlark.com/prepend-http/download/prepend-http-1.0.4.tgz",
      "integrity": "sha1-1PRWKwzjaW5BrFLQ4ALlemNdxtw="
    },
    "process-nextick-args": {
      "version": "2.0.1",
      "resolved": "https://registry.npm.taobao.org/process-nextick-args/download/process-nextick-args-2.0.1.tgz",
      "integrity": "sha1-eCDZsWEgzFXKmud5JoCufbptf+I="
    },
    "protocols": {
      "version": "1.4.8",
      "resolved": "https://registry.nlark.com/protocols/download/protocols-1.4.8.tgz",
      "integrity": "sha1-SO6i2PWNlkSkoyyq5dXbKQoHXOg="
    },
    "r-json": {
      "version": "1.2.10",
      "resolved": "https://registry.npm.taobao.org/r-json/download/r-json-1.2.10.tgz",
      "integrity": "sha1-Yqc9nK+n6r9nDlwoEsJ72yIKlos="
    },
    "r-package-json": {
      "version": "1.0.9",
      "resolved": "https://registry.npm.taobao.org/r-package-json/download/r-package-json-1.0.9.tgz",
      "integrity": "sha1-NlSfDS6v0emY7jbHgosLG3MV2EA=",
      "requires": {
        "package-json-path": "^1.0.0",
        "r-json": "^1.2.1"
      }
    },
    "rc": {
      "version": "1.2.8",
      "resolved": "https://registry.nlark.com/rc/download/rc-1.2.8.tgz",
      "integrity": "sha1-zZJL9SAKB1uDwYjNa54hG3/A0+0=",
      "requires": {
        "deep-extend": "^0.6.0",
        "ini": "~1.3.0",
        "minimist": "^1.2.0",
        "strip-json-comments": "~2.0.1"
      }
    },
    "read-all-stream": {
      "version": "3.1.0",
      "resolved": "https://registry.npmmirror.com/read-all-stream/download/read-all-stream-3.1.0.tgz",
      "integrity": "sha1-NcPhd/IHjveJ7kv6+kNzB06u9Po=",
      "requires": {
        "pinkie-promise": "^2.0.0",
        "readable-stream": "^2.0.0"
      }
    },
    "readable-stream": {
      "version": "2.3.7",
      "resolved": "https://registry.npm.taobao.org/readable-stream/download/readable-stream-2.3.7.tgz",
      "integrity": "sha1-Hsoc9xGu+BTAT2IlKjamL2yyO1c=",
      "requires": {
        "core-util-is": "~1.0.0",
        "inherits": "~2.0.3",
        "isarray": "~1.0.0",
        "process-nextick-args": "~2.0.0",
        "safe-buffer": "~5.1.1",
        "string_decoder": "~1.1.1",
        "util-deprecate": "~1.0.1"
      }
    },
    "registry-auth-token": {
      "version": "3.4.0",
      "resolved": "https://registry.nlark.com/registry-auth-token/download/registry-auth-token-3.4.0.tgz?cache=0&sync_timestamp=1622604543458&other_urls=https%3A%2F%2Fregistry.nlark.com%2Fregistry-auth-token%2Fdownload%2Fregistry-auth-token-3.4.0.tgz",
      "integrity": "sha1-10RoFUM/XV7WQxzV3KIQSPZrOX4=",
      "requires": {
        "rc": "^1.1.6",
        "safe-buffer": "^5.0.1"
      }
    },
    "registry-url": {
      "version": "3.1.0",
      "resolved": "https://registry.nlark.com/registry-url/download/registry-url-3.1.0.tgz",
      "integrity": "sha1-PU74cPc93h138M+aOBQyRE4XSUI=",
      "requires": {
        "rc": "^1.0.1"
      }
    },
    "resolve": {
      "version": "1.20.0",
      "resolved": "https://registry.npm.taobao.org/resolve/download/resolve-1.20.0.tgz",
      "integrity": "sha1-YpoBP7P3B1XW8LeTXMHCxTeLGXU=",
      "requires": {
        "is-core-module": "^2.2.0",
        "path-parse": "^1.0.6"
      }
    },
    "safe-buffer": {
      "version": "5.1.2",
      "resolved": "https://registry.npm.taobao.org/safe-buffer/download/safe-buffer-5.1.2.tgz?cache=0&sync_timestamp=1589129103371&other_urls=https%3A%2F%2Fregistry.npm.taobao.org%2Fsafe-buffer%2Fdownload%2Fsafe-buffer-5.1.2.tgz",
      "integrity": "sha1-mR7GnSluAxN0fVm9/St0XDX4go0="
    },
    "semver": {
      "version": "5.7.1",
      "resolved": "https://registry.npm.taobao.org/semver/download/semver-5.7.1.tgz?cache=0&sync_timestamp=1616463603361&other_urls=https%3A%2F%2Fregistry.npm.taobao.org%2Fsemver%2Fdownload%2Fsemver-5.7.1.tgz",
      "integrity": "sha1-qVT5Ma66UI0we78Gnv8MAclhFvc="
    },
    "sliced": {
      "version": "1.0.1",
      "resolved": "https://registry.nlark.com/sliced/download/sliced-1.0.1.tgz",
      "integrity": "sha1-CzpmK10Ewxd7GSa+qCsD+Dei70E="
    },
    "spdx-correct": {
      "version": "3.1.1",
      "resolved": "https://registry.npm.taobao.org/spdx-correct/download/spdx-correct-3.1.1.tgz?cache=0&sync_timestamp=1590162035755&other_urls=https%3A%2F%2Fregistry.npm.taobao.org%2Fspdx-correct%2Fdownload%2Fspdx-correct-3.1.1.tgz",
      "integrity": "sha1-3s6BrJweZxPl99G28X1Gj6U9iak=",
      "requires": {
        "spdx-expression-parse": "^3.0.0",
        "spdx-license-ids": "^3.0.0"
      }
    },
    "spdx-exceptions": {
      "version": "2.3.0",
      "resolved": "https://registry.npm.taobao.org/spdx-exceptions/download/spdx-exceptions-2.3.0.tgz",
      "integrity": "sha1-PyjOGnegA3JoPq3kpDMYNSeiFj0="
    },
    "spdx-expression-parse": {
      "version": "3.0.1",
      "resolved": "https://registry.npm.taobao.org/spdx-expression-parse/download/spdx-expression-parse-3.0.1.tgz",
      "integrity": "sha1-z3D1BILu/cmOPOCmgz5KU87rpnk=",
      "requires": {
        "spdx-exceptions": "^2.1.0",
        "spdx-license-ids": "^3.0.0"
      }
    },
    "spdx-license-ids": {
      "version": "3.0.11",
      "resolved": "https://registry.npmmirror.com/spdx-license-ids/download/spdx-license-ids-3.0.11.tgz?cache=0&sync_timestamp=1636978505034&other_urls=https%3A%2F%2Fregistry.npmmirror.com%2Fspdx-license-ids%2Fdownload%2Fspdx-license-ids-3.0.11.tgz",
      "integrity": "sha512-Ctl2BrFiM0X3MANYgj3CkygxhRmr9mi6xhejbdO960nF6EDJApTYpn0BQnDKlnNBULKiCN1n3w9EBkHK8ZWg+g=="
    },
    "string_decoder": {
      "version": "1.1.1",
      "resolved": "https://registry.npm.taobao.org/string_decoder/download/string_decoder-1.1.1.tgz",
      "integrity": "sha1-nPFhG6YmhdcDCunkujQUnDrwP8g=",
      "requires": {
        "safe-buffer": "~5.1.0"
      }
    },
    "strip-json-comments": {
      "version": "2.0.1",
      "resolved": "https://registry.nlark.com/strip-json-comments/download/strip-json-comments-2.0.1.tgz?cache=0&other_urls=https%3A%2F%2Fregistry.nlark.com%2Fstrip-json-comments%2Fdownload%2Fstrip-json-comments-2.0.1.tgz",
      "integrity": "sha1-PFMZQukIwml8DsNEhYwobHygpgo="
    },
    "timed-out": {
      "version": "3.1.3",
      "resolved": "https://registry.nlark.com/timed-out/download/timed-out-3.1.3.tgz?cache=0&sync_timestamp=1619073494075&other_urls=https%3A%2F%2Fregistry.nlark.com%2Ftimed-out%2Fdownload%2Ftimed-out-3.1.3.tgz",
      "integrity": "sha1-lYYL/MXHbCd/j4Mm/Q9bLiDrohc="
    },
    "tmp": {
      "version": "0.0.28",
      "resolved": "https://registry.npm.taobao.org/tmp/download/tmp-0.0.28.tgz",
      "integrity": "sha1-Fyc1t/YU6nrzlmT6hM8N5OUV0SA=",
      "requires": {
        "os-tmpdir": "~1.0.1"
      }
    },
    "typpy": {
      "version": "2.3.13",
      "resolved": "https://registry.npm.taobao.org/typpy/download/typpy-2.3.13.tgz",
      "integrity": "sha1-fhajqoPX7s371e5hW5/9eFiH7n4=",
      "requires": {
        "function.name": "^1.0.3"
      }
    },
    "ul": {
      "version": "5.2.15",
      "resolved": "https://registry.npm.taobao.org/ul/download/ul-5.2.15.tgz",
      "integrity": "sha1-QmQlNVrhXfLV0Js1Gq3ibtBt2e0=",
      "requires": {
        "deffy": "^2.2.2",
        "typpy": "^2.3.4"
      }
    },
    "unzip-response": {
      "version": "1.0.2",
      "resolved": "https://registry.npmmirror.com/unzip-response/download/unzip-response-1.0.2.tgz",
      "integrity": "sha1-uYTwh3/AqJwsdzzB73tbIytbBv4="
    },
    "url-parse-lax": {
      "version": "1.0.0",
      "resolved": "https://registry.nlark.com/url-parse-lax/download/url-parse-lax-1.0.0.tgz?cache=0&sync_timestamp=1628548236896&other_urls=https%3A%2F%2Fregistry.nlark.com%2Furl-parse-lax%2Fdownload%2Furl-parse-lax-1.0.0.tgz",
      "integrity": "sha1-evjzA2Rem9eaJy56FKxovAYJ2nM=",
      "requires": {
        "prepend-http": "^1.0.1"
      }
    },
    "util-deprecate": {
      "version": "1.0.2",
      "resolved": "https://registry.npm.taobao.org/util-deprecate/download/util-deprecate-1.0.2.tgz",
      "integrity": "sha1-RQ1Nyfpw3nMnYvvS1KKJgUGaDM8="
    },
    "validate-npm-package-license": {
      "version": "3.0.4",
      "resolved": "https://registry.npm.taobao.org/validate-npm-package-license/download/validate-npm-package-license-3.0.4.tgz",
      "integrity": "sha1-/JH2uce6FchX9MssXe/uw51PQQo=",
      "requires": {
        "spdx-correct": "^3.0.0",
        "spdx-expression-parse": "^3.0.0"
      }
    }
  }
}
